
Microsoft Visual Studio Solution File, Format Version 12.00
# Visual Studio Version 16
VisualStudioVersion = 16.0.29613.14
MinimumVisualStudioVersion = 15.0.26124.0
Project("{9A19103F-16F7-4668-BE54-9A1E7A4F7556}") = "Gateway", "Gateway\Gateway.csproj", "{CD8A678C-F776-4330-A28C-11F0CC8D864A}"
EndProject
Project("{FAE04EC0-301F-11D3-BF4B-00C04F79EFBC}") = "ServicioA", "ServicioA\ServicioA.csproj", "{CE0A43CA-7799-43E4-B553-300F69206640}"
EndProject
Project("{FAE04EC0-301F-11D3-BF4B-00C04F79EFBC}") = "ServicioB", "ServicioB\ServicioB.csproj", "{F74A647B-EFE8-49E9-9728-71B44F93F364}"
EndProject
Global
	GlobalSection(SolutionConfigurationPlatforms) = preSolution
		Debug|Any CPU = Debug|Any CPU
		Debug|x64 = Debug|x64
		Debug|x86 = Debug|x86
		Release|Any CPU = Release|Any CPU
		Release|x64 = Release|x64
		Release|x86 = Release|x86
	EndGlobalSection
	GlobalSection(ProjectConfigurationPlatforms) = postSolution
		{CD8A678C-F776-4330-A28C-11F0CC8D864A}.Debug|Any CPU.ActiveCfg = Debug|Any CPU
		{CD8A678C-F776-4330-A28C-11F0CC8D864A}.Debug|Any CPU.Build.0 = Debug|Any CPU
		{CD8A678C-F776-4330-A28C-11F0CC8D864A}.Debug|x64.ActiveCfg = Debug|Any CPU
		{CD8A678C-F776-4330-A28C-11F0CC8D864A}.Debug|x64.Build.0 = Debug|Any CPU
		{CD8A678C-F776-4330-A28C-11F0CC8D864A}.Debug|x86.ActiveCfg = Debug|Any CPU
		{CD8A678C-F776-4330-A28C-11F0CC8D864A}.Debug|x86.Build.0 = Debug|Any CPU
		{CD8A678C-F776-4330-A28C-11F0CC8D864A}.Release|Any CPU.ActiveCfg = Release|Any CPU
		{CD8A678C-F776-4330-A28C-11F0CC8D864A}.Release|Any CPU.Build.0 = Release|Any CPU
		{CD8A678C-F776-4330-A28C-11F0CC8D864A}.Release|x64.ActiveCfg = Release|Any CPU
		{CD8A678C-F776-4330-A28C-11F0CC8D864A}.Release|x64.Build.0 = Release|Any CPU
		{CD8A678C-F776-4330-A28C-11F0CC8D864A}.Release|x86.ActiveCfg = Release|Any CPU
		{CD8A678C-F776-4330-A28C-11F0CC8D864A}.Release|x86.Build.0 = Release|Any CPU
		{CE0A43CA-7799-43E4-B553-300F69206640}.Debug|Any CPU.ActiveCfg = Debug|Any CPU
		{CE0A43CA-7799-43E4-B553-300F69206640}.Debug|Any CPU.Build.0 = Debug|Any CPU
		{CE0A43CA-7799-43E4-B553-300F69206640}.Debug|x64.ActiveCfg = Debug|Any CPU
		{CE0A43CA-7799-43E4-B553-300F69206640}.Debug|x64.Build.0 = Debug|Any CPU
		{CE0A43CA-7799-43E4-B553-300F69206640}.Debug|x86.ActiveCfg = Debug|Any CPU
		{CE0A43CA-7799-43E4-B553-300F69206640}.Debug|x86.Build.0 = Debug|Any CPU
		{CE0A43CA-7799-43E4-B553-300F69206640}.Release|Any CPU.ActiveCfg = Release|Any CPU
		{CE0A43CA-7799-43E4-B553-300F69206640}.Release|Any CPU.Build.0 = Release|Any CPU
		{CE0A43CA-7799-43E4-B553-300F69206640}.Release|x64.ActiveCfg = Release|Any CPU
		{CE0A43CA-7799-43E4-B553-300F69206640}.Release|x64.Build.0 = Release|Any CPU
		{CE0A43CA-7799-43E4-B553-300F69206640}.Release|x86.ActiveCfg = Release|Any CPU
		{CE0A43CA-7799-43E4-B553-300F69206640}.Release|x86.Build.0 = Release|Any CPU
		{F74A647B-EFE8-49E9-9728-71B44F93F364}.Debug|Any CPU.ActiveCfg = Debug|Any CPU
		{F74A647B-EFE8-49E9-9728-71B44F93F364}.Debug|Any CPU.Build.0 = Debug|Any CPU
		{F74A647B-EFE8-49E9-9728-71B44F93F364}.Debug|x64.ActiveCfg = Debug|Any CPU
		{F74A647B-EFE8-49E9-9728-71B44F93F364}.Debug|x64.Build.0 = Debug|Any CPU
		{F74A647B-EFE8-49E9-9728-71B44F93F364}.Debug|x86.ActiveCfg = Debug|Any CPU
		{F74A647B-EFE8-49E9-9728-71B44F93F364}.Debug|x86.Build.0 = Debug|Any CPU
		{F74A647B-EFE8-49E9-9728-71B44F93F364}.Release|Any CPU.ActiveCfg = Release|Any CPU
		{F74A647B-EFE8-49E9-9728-71B44F93F364}.Release|Any CPU.Build.0 = Release|Any CPU
		{F74A647B-EFE8-49E9-9728-71B44F93F364}.Release|x64.ActiveCfg = Release|Any CPU
		{F74A647B-EFE8-49E9-9728-71B44F93F364}.Release|x64.Build.0 = Release|Any CPU
		{F74A647B-EFE8-49E9-9728-71B44F93F364}.Release|x86.ActiveCfg = Release|Any CPU
		{F74A647B-EFE8-49E9-9728-71B44F93F364}.Release|x86.Build.0 = Release|Any CPU
	EndGlobalSection
	GlobalSection(SolutionProperties) = preSolution
		HideSolutionNode = FALSE
	EndGlobalSection
	GlobalSection(ExtensibilityGlobals) = postSolution
		SolutionGuid = {0A95AA10-04B9-4FE9-A2D7-F4D751F2D8F7}
	EndGlobalSection
EndGlobal
